
Microsoft Visual Studio Solution File, Format Version 12.00
# Visual Studio Version 17
VisualStudioVersion = 17.5.33530.505
MinimumVisualStudioVersion = 10.0.40219.1
Project("{FAE04EC0-301F-11D3-BF4B-00C04F79EFBC}") = "Divar-Crawler", "Divar-Crawler\Divar-Crawler.csproj", "{A3DC2DC6-5347-4245-914C-7C2F3F8D894F}"
EndProject
Global
	GlobalSection(SolutionConfigurationPlatforms) = preSolution
		Debug|Any CPU = Debug|Any CPU
		Release|Any CPU = Release|Any CPU
	EndGlobalSection
	GlobalSection(ProjectConfigurationPlatforms) = postSolution
		{A3DC2DC6-5347-4245-914C-7C2F3F8D894F}.Debug|Any CPU.ActiveCfg = Debug|Any CPU
		{A3DC2DC6-5347-4245-914C-7C2F3F8D894F}.Debug|Any CPU.Build.0 = Debug|Any CPU
		{A3DC2DC6-5347-4245-914C-7C2F3F8D894F}.Release|Any CPU.ActiveCfg = Release|Any CPU
		{A3DC2DC6-5347-4245-914C-7C2F3F8D894F}.Release|Any CPU.Build.0 = Release|Any CPU
	EndGlobalSection
	GlobalSection(SolutionProperties) = preSolution
		HideSolutionNode = FALSE
	EndGlobalSection
	GlobalSection(ExtensibilityGlobals) = postSolution
		SolutionGuid = {CD1CA07B-3CC2-4A7A-BF9A-41E710B83117}
	EndGlobalSection
EndGlobal
